{
	"name": "@librarium/api",
	"version": "0.0.0",
	"lockfileVersion": 1,
	"requires": true,
	"dependencies": {
		"prism-react-renderer": {
			"version": "1.2.1",
			"resolved": "https://registry.npmjs.org/prism-react-renderer/-/prism-react-renderer-1.2.1.tgz",
			"integrity": "sha512-w23ch4f75V1Tnz8DajsYKvY5lF7H1+WvzvLUcF0paFxkTHSp42RS0H5CttdN2Q8RR3DRGZ9v5xD/h3n8C8kGmg=="
		}
	}
}
