{
  "name": "@literarum/api",
  "version": "0.0.1",
  "lockfileVersion": 1,
  "requires": true,
  "dependencies": {
    "@ant-design/colors": {
      "version": "3.2.2",
      "resolved": "https://registry.npmjs.org/@ant-design/colors/-/colors-3.2.2.tgz",
      "integrity": "sha512-YKgNbG2dlzqMhA9NtI3/pbY16m3Yl/EeWBRa+lB1X1YaYxHrxNexiQYCLTWO/uDvAjLFMEDU+zR901waBtMtjQ==",
      "requires": {
        "tinycolor2": "^1.4.1"
      }
    },
    "@ant-design/css-animation": {
      "version": "1.7.2",
      "resolved": "https://registry.npmjs.org/@ant-design/css-animation/-/css-animation-1.7.2.tgz",
      "integrity": "sha512-bvVOe7A+r7lws58B7r+fgnQDK90cV45AXuvGx6i5CCSX1W/M3AJnHsNggDANBxEtWdNdFWcDd5LorB+RdSIlBw=="
    },
    "@ant-design/icons": {
      "version": "4.1.0",
      "resolved": "https://registry.npmjs.org/@ant-design/icons/-/icons-4.1.0.tgz",
      "integrity": "sha512-R1aIPJboGq4nVYwW7s0v/V2g6yiY27Kec5ldfK3mWHskw7bihPOKwxkHbITuSJcVNJsSvA6LNMlKZoY1u8DIKQ==",
      "requires": {
        "@ant-design/colors": "^3.1.0",
        "@ant-design/icons-svg": "^4.0.0",
        "classnames": "^2.2.6",
        "insert-css": "^2.0.0",
        "rc-util": "^4.9.0"
      }
    },
    "@ant-design/icons-svg": {
      "version": "4.1.0",
      "resolved": "https://registry.npmjs.org/@ant-design/icons-svg/-/icons-svg-4.1.0.tgz",
      "integrity": "sha512-Fi03PfuUqRs76aI3UWYpP864lkrfPo0hluwGqh7NJdLhvH4iRDc3jbJqZIvRDLHKbXrvAfPPV3+zjUccfFvWOQ=="
    },
    "@ant-design/react-slick": {
      "version": "0.26.1",
      "resolved": "https://registry.npmjs.org/@ant-design/react-slick/-/react-slick-0.26.1.tgz",
      "integrity": "sha512-1CR3vNFxAMmMb9btF6w9yT1xlrhZr6f/K+OkqoCLfWxN7h7jC16UCr1RsGBoFUdSq8bYfTr3pe6AiiCEDsALvA==",
      "requires": {
        "classnames": "^2.2.5",
        "json2mq": "^0.2.0",
        "lodash": "^4.17.15",
        "resize-observer-polyfill": "^1.5.0"
      }
    },
    "@babel/runtime": {
      "version": "7.9.6",
      "resolved": "https://registry.npmjs.org/@babel/runtime/-/runtime-7.9.6.tgz",
      "integrity": "sha512-64AF1xY3OAkFHqOb9s4jpgk1Mm5vDZ4L3acHvAml+53nO1XbXLuDodsVpO4OIUsmemlUHMxNdYMNJmsvOwLrvQ==",
      "requires": {
        "regenerator-runtime": "^0.13.4"
      },
      "dependencies": {
        "regenerator-runtime": {
          "version": "0.13.5",
          "resolved": "https://registry.npmjs.org/regenerator-runtime/-/regenerator-runtime-0.13.5.tgz",
          "integrity": "sha512-ZS5w8CpKFinUzOwW3c83oPeVXoNsrLsaCoLtJvAClH135j/R77RuymhiSErhm2lKcwSCIpmvIWSbDkIfAqKQlA=="
        }
      }
    },
    "add-dom-event-listener": {
      "version": "1.1.0",
      "resolved": "https://registry.npmjs.org/add-dom-event-listener/-/add-dom-event-listener-1.1.0.tgz",
      "integrity": "sha512-WCxx1ixHT0GQU9hb0KI/mhgRQhnU+U3GvwY6ZvVjYq8rsihIGoaIOUbY0yMPBxLH5MDtr0kz3fisWGNcbWW7Jw==",
      "requires": {
        "object-assign": "4.x"
      }
    },
    "antd": {
      "version": "4.2.4",
      "resolved": "https://registry.npmjs.org/antd/-/antd-4.2.4.tgz",
      "integrity": "sha512-g61c1+Ji/tbY+G1GMdk0LsCN3S1ZfoHyj+zcjXmvqZjWfdkJ/bBEzw08I3ytTe5TV8RFued0nnSjT51ruagpSA==",
      "requires": {
        "@ant-design/css-animation": "^1.7.2",
        "@ant-design/icons": "^4.1.0",
        "@ant-design/react-slick": "~0.26.1",
        "array-tree-filter": "^2.1.0",
        "classnames": "~2.2.6",
        "copy-to-clipboard": "^3.2.0",
        "lodash": "^4.17.13",
        "moment": "~2.25.3",
        "omit.js": "^1.0.2",
        "prop-types": "^15.7.2",
        "raf": "^3.4.1",
        "rc-animate": "~3.0.0",
        "rc-cascader": "~1.0.0",
        "rc-checkbox": "~2.2.0",
        "rc-collapse": "~2.0.0",
        "rc-dialog": "~7.7.0",
        "rc-drawer": "~3.2.0",
        "rc-dropdown": "~3.0.0",
        "rc-field-form": "~1.2.0",
        "rc-input-number": "~4.6.1",
        "rc-mentions": "~1.1.0",
        "rc-menu": "~8.1.0",
        "rc-notification": "~4.3.0",
        "rc-pagination": "~2.2.0",
        "rc-picker": "~1.4.16",
        "rc-progress": "~3.0.0",
        "rc-rate": "~2.6.0",
        "rc-resize-observer": "^0.2.0",
        "rc-select": "~10.3.0",
        "rc-slider": "~9.2.3",
        "rc-steps": "~3.6.0",
        "rc-switch": "~3.0.0",
        "rc-table": "~7.5.3",
        "rc-tabs": "~10.1.1",
        "rc-tooltip": "~4.0.2",
        "rc-tree": "~3.2.0",
        "rc-tree-select": "~3.1.0",
        "rc-trigger": "~4.1.0",
        "rc-upload": "~3.0.4",
        "rc-util": "^4.20.0",
        "rc-virtual-list": "^1.1.0",
        "resize-observer-polyfill": "^1.5.1",
        "scroll-into-view-if-needed": "^2.2.20",
        "warning": "~4.0.3"
      }
    },
    "array-tree-filter": {
      "version": "2.1.0",
      "resolved": "https://registry.npmjs.org/array-tree-filter/-/array-tree-filter-2.1.0.tgz",
      "integrity": "sha512-4ROwICNlNw/Hqa9v+rk5h22KjmzB1JGTMVKP2AKJBOCgb0yL0ASf0+YvCcLNNwquOHNX48jkeZIJ3a+oOQqKcw=="
    },
    "async-validator": {
      "version": "3.3.0",
      "resolved": "https://registry.npmjs.org/async-validator/-/async-validator-3.3.0.tgz",
      "integrity": "sha512-cAHGD9EL8aCqWXjnb44q94MWiDFzUo1tMhvLb2WzcpWqGiKugsjWG9cvl+jPgkPca7asNbsBU3fa0cwkI/P+Xg=="
    },
    "babel-runtime": {
      "version": "6.26.0",
      "resolved": "https://registry.npmjs.org/babel-runtime/-/babel-runtime-6.26.0.tgz",
      "integrity": "sha1-llxwWGaOgrVde/4E/yM3vItWR/4=",
      "requires": {
        "core-js": "^2.4.0",
        "regenerator-runtime": "^0.11.0"
      }
    },
    "classnames": {
      "version": "2.2.6",
      "resolved": "https://registry.npmjs.org/classnames/-/classnames-2.2.6.tgz",
      "integrity": "sha512-JR/iSQOSt+LQIWwrwEzJ9uk0xfN3mTVYMwt1Ir5mUcSN6pU+V4zQFFaJsclJbPuAUQH+yfWef6tm7l1quW3C8Q=="
    },
    "compute-scroll-into-view": {
      "version": "1.0.13",
      "resolved": "https://registry.npmjs.org/compute-scroll-into-view/-/compute-scroll-into-view-1.0.13.tgz",
      "integrity": "sha512-o+w9w7A98aAFi/GjK8cxSV+CdASuPa2rR5UWs3+yHkJzWqaKoBEufFNWYaXInCSmUfDCVhesG+v9MTWqOjsxFg=="
    },
    "copy-to-clipboard": {
      "version": "3.3.1",
      "resolved": "https://registry.npmjs.org/copy-to-clipboard/-/copy-to-clipboard-3.3.1.tgz",
      "integrity": "sha512-i13qo6kIHTTpCm8/Wup+0b1mVWETvu2kIMzKoK8FpkLkFxlt0znUAHcMzox+T8sPlqtZXq3CulEjQHsYiGFJUw==",
      "requires": {
        "toggle-selection": "^1.0.6"
      }
    },
    "core-js": {
      "version": "2.6.11",
      "resolved": "https://registry.npmjs.org/core-js/-/core-js-2.6.11.tgz",
      "integrity": "sha512-5wjnpaT/3dV+XB4borEsnAYQchn00XSgTAWKDkEqv+K8KevjbzmofK6hfJ9TZIlpj2N0xQpazy7PiRQiWHqzWg=="
    },
    "dom-align": {
      "version": "1.12.0",
      "resolved": "https://registry.npmjs.org/dom-align/-/dom-align-1.12.0.tgz",
      "integrity": "sha512-YkoezQuhp3SLFGdOlr5xkqZ640iXrnHAwVYcDg8ZKRUtO7mSzSC2BA5V0VuyAwPSJA4CLIc6EDDJh4bEsD2+zA=="
    },
    "hammerjs": {
      "version": "2.0.8",
      "resolved": "https://registry.npmjs.org/hammerjs/-/hammerjs-2.0.8.tgz",
      "integrity": "sha1-BO93hiz/K7edMPdpIJWTAiK/YPE="
    },
    "hoist-non-react-statics": {
      "version": "3.3.2",
      "resolved": "https://registry.npmjs.org/hoist-non-react-statics/-/hoist-non-react-statics-3.3.2.tgz",
      "integrity": "sha512-/gGivxi8JPKWNm/W0jSmzcMPpfpPLc3dY/6GxhX2hQ9iGj3aDfklV4ET7NjKpSinLpJ5vafa9iiGIEZg10SfBw==",
      "requires": {
        "react-is": "^16.7.0"
      }
    },
    "insert-css": {
      "version": "2.0.0",
      "resolved": "https://registry.npmjs.org/insert-css/-/insert-css-2.0.0.tgz",
      "integrity": "sha1-610Ql7dUL0x56jBg067gfQU4gPQ="
    },
    "js-tokens": {
      "version": "4.0.0",
      "resolved": "https://registry.npmjs.org/js-tokens/-/js-tokens-4.0.0.tgz",
      "integrity": "sha512-RdJUflcE3cUzKiMqQgsCu06FPu9UdIJO0beYbPhHN4k6apgJtifcoCtT9bcxOpYBtpD2kCM6Sbzg4CausW/PKQ=="
    },
    "json2mq": {
      "version": "0.2.0",
      "resolved": "https://registry.npmjs.org/json2mq/-/json2mq-0.2.0.tgz",
      "integrity": "sha1-tje9O6nqvhIsg+lyBIOusQ0skEo=",
      "requires": {
        "string-convert": "^0.2.0"
      }
    },
    "lodash": {
      "version": "4.17.15",
      "resolved": "https://registry.npmjs.org/lodash/-/lodash-4.17.15.tgz",
      "integrity": "sha512-8xOcRHvCjnocdS5cpwXQXVzmmh5e5+saE2QGoeQmbKmRS6J3VQppPOIt0MnmE+4xlZoumy0GPG0D0MVIQbNA1A=="
    },
    "loose-envify": {
      "version": "1.4.0",
      "resolved": "https://registry.npmjs.org/loose-envify/-/loose-envify-1.4.0.tgz",
      "integrity": "sha512-lyuxPGr/Wfhrlem2CL/UcnUc1zcqKAImBDzukY7Y5F/yQiNdko6+fRLevlw1HgMySw7f611UIY408EtxRSoK3Q==",
      "requires": {
        "js-tokens": "^3.0.0 || ^4.0.0"
      }
    },
    "mini-store": {
      "version": "3.0.3",
      "resolved": "https://registry.npmjs.org/mini-store/-/mini-store-3.0.3.tgz",
      "integrity": "sha512-EHpcxqITc3UIEC9iR8DCWzKIFpz8IgIMw+dNKJ8tJ7mKSHhPfa3xDLFyh1fv0NeA89v2Vb7nIwd+3UGdLZUZ7A==",
      "requires": {
        "hoist-non-react-statics": "^3.3.2",
        "prop-types": "^15.6.0",
        "shallowequal": "^1.0.2"
      }
    },
    "moment": {
      "version": "2.25.3",
      "resolved": "https://registry.npmjs.org/moment/-/moment-2.25.3.tgz",
      "integrity": "sha512-PuYv0PHxZvzc15Sp8ybUCoQ+xpyPWvjOuK72a5ovzp2LI32rJXOiIfyoFoYvG3s6EwwrdkMyWuRiEHSZRLJNdg=="
    },
    "object-assign": {
      "version": "4.1.1",
      "resolved": "https://registry.npmjs.org/object-assign/-/object-assign-4.1.1.tgz",
      "integrity": "sha1-IQmtx5ZYh8/AXLvUQsrIv7s2CGM="
    },
    "omit.js": {
      "version": "1.0.2",
      "resolved": "https://registry.npmjs.org/omit.js/-/omit.js-1.0.2.tgz",
      "integrity": "sha512-/QPc6G2NS+8d4L/cQhbk6Yit1WTB6Us2g84A7A/1+w9d/eRGHyEqC5kkQtHVoHZ5NFWGG7tUGgrhVZwgZanKrQ==",
      "requires": {
        "babel-runtime": "^6.23.0"
      }
    },
    "performance-now": {
      "version": "2.1.0",
      "resolved": "https://registry.npmjs.org/performance-now/-/performance-now-2.1.0.tgz",
      "integrity": "sha1-Ywn04OX6kT7BxpMHrjZLSzd8nns="
    },
    "prop-types": {
      "version": "15.7.2",
      "resolved": "https://registry.npmjs.org/prop-types/-/prop-types-15.7.2.tgz",
      "integrity": "sha512-8QQikdH7//R2vurIJSutZ1smHYTcLpRWEOlHnzcWHmBYrOGUysKwSsrC89BCiFj3CbrfJ/nXFdJepOVrY1GCHQ==",
      "requires": {
        "loose-envify": "^1.4.0",
        "object-assign": "^4.1.1",
        "react-is": "^16.8.1"
      }
    },
    "raf": {
      "version": "3.4.1",
      "resolved": "https://registry.npmjs.org/raf/-/raf-3.4.1.tgz",
      "integrity": "sha512-Sq4CW4QhwOHE8ucn6J34MqtZCeWFP2aQSmrlroYgqAV1PjStIhJXxYuTgUIfkEk7zTLjmIjLmU5q+fbD1NnOJA==",
      "requires": {
        "performance-now": "^2.1.0"
      }
    },
    "rc-align": {
      "version": "3.0.0",
      "resolved": "https://registry.npmjs.org/rc-align/-/rc-align-3.0.0.tgz",
      "integrity": "sha512-/T/4LOlKJLFe8EwsORuc3pFWOJ8caUpj2vtKIHWea4PhakoleM7KDQsx0n1WDQENIeSfrP9P1FowVxAdvhjsvw==",
      "requires": {
        "classnames": "2.x",
        "dom-align": "^1.7.0",
        "rc-util": "^4.12.0",
        "resize-observer-polyfill": "^1.5.1"
      }
    },
    "rc-animate": {
      "version": "3.0.0",
      "resolved": "https://registry.npmjs.org/rc-animate/-/rc-animate-3.0.0.tgz",
      "integrity": "sha512-+ANeyCei4lWSJHWTcocywdYAy6lpRdBva/7Fs3nBBiAngW/W+Gmx+gQEcsmcgQBqziWUYnR91Bk12ltR3GBHPA==",
      "requires": {
        "@ant-design/css-animation": "^1.7.2",
        "classnames": "^2.2.6",
        "raf": "^3.4.0",
        "rc-util": "^4.15.3"
      }
    },
    "rc-cascader": {
      "version": "1.0.1",
      "resolved": "https://registry.npmjs.org/rc-cascader/-/rc-cascader-1.0.1.tgz",
      "integrity": "sha512-3mk33+YKJBP1XSrTYbdVLuCC73rUDq5STNALhvua5i8vyIgIxtb5fSl96JdWWq1Oj8tIBoHnCgoEoOYnIXkthQ==",
      "requires": {
        "array-tree-filter": "^2.1.0",
        "rc-trigger": "^4.0.0",
        "rc-util": "^4.0.4",
        "warning": "^4.0.1"
      }
    },
    "rc-checkbox": {
      "version": "2.2.0",
      "resolved": "https://registry.npmjs.org/rc-checkbox/-/rc-checkbox-2.2.0.tgz",
      "integrity": "sha512-Wjh/nutLA8iIPTT1P9I9KOqlUblVe+CWa3SxMibFySnLyYbMxKNtPhwNcbADPOqzNU0AsCntTduNeJg1n0B5fg==",
      "requires": {
        "babel-runtime": "^6.23.0",
        "classnames": "2.x"
      }
    },
    "rc-collapse": {
      "version": "2.0.0",
      "resolved": "https://registry.npmjs.org/rc-collapse/-/rc-collapse-2.0.0.tgz",
      "integrity": "sha512-R5+Ge1uzwK9G1wZPRPhqQsed4FXTDmU0BKzsqfNBtZdk/wd+yey8ZutmJmSozYc5hQwjPkCvJHV7gOIRZKIlJg==",
      "requires": {
        "@ant-design/css-animation": "^1.7.2",
        "classnames": "2.x",
        "rc-animate": "3.x",
        "react-is": "^16.7.0",
        "shallowequal": "^1.1.0"
      }
    },
    "rc-dialog": {
      "version": "7.7.0",
      "resolved": "https://registry.npmjs.org/rc-dialog/-/rc-dialog-7.7.0.tgz",
      "integrity": "sha512-WVLnbpP+9YCaDjFpX03PdGHNtEzUmVPfc047/XHIBxrI2n9gcog5PhHHJzewi8ZJrFj5sWi+1OWakf7vwaCfJg==",
      "requires": {
        "babel-runtime": "6.x",
        "rc-animate": "3.x",
        "rc-util": "^4.16.1"
      }
    },
    "rc-drawer": {
      "version": "3.2.0",
      "resolved": "https://registry.npmjs.org/rc-drawer/-/rc-drawer-3.2.0.tgz",
      "integrity": "sha512-ekt5K2pHIQihByupUooJ7kVmpmAyHrGy2T9h+AlPwhIL9xemK+RVRq3RbOv1V03BqNPCDx4sWV5sWiAhGMUctw==",
      "requires": {
        "classnames": "^2.2.6",
        "rc-util": "^4.16.1"
      }
    },
    "rc-dropdown": {
      "version": "3.0.2",
      "resolved": "https://registry.npmjs.org/rc-dropdown/-/rc-dropdown-3.0.2.tgz",
      "integrity": "sha512-T3XP4qL6xmkxn8z52YF2SEPoMHPpBiLf0Kty3mjNdRSyKnlu+0F+3bhDHf6gO1msmqrjURaz8sMNAFDcoFHHnw==",
      "requires": {
        "babel-runtime": "^6.26.0",
        "classnames": "^2.2.6",
        "rc-trigger": "^4.0.0"
      }
    },
    "rc-field-form": {
      "version": "1.2.4",
      "resolved": "https://registry.npmjs.org/rc-field-form/-/rc-field-form-1.2.4.tgz",
      "integrity": "sha512-k3RY/yVfCusvPRWx4O+vAGY5bgm1FS6aZghnToqwMIGBsdsxB32Asv21reJKr4LKZ36Ag64rASfiSeLgdUCR+A==",
      "requires": {
        "@babel/runtime": "^7.8.4",
        "async-validator": "^3.0.3",
        "rc-util": "^4.20.3"
      }
    },
    "rc-hammerjs": {
      "version": "0.6.9",
      "resolved": "https://registry.npmjs.org/rc-hammerjs/-/rc-hammerjs-0.6.9.tgz",
      "integrity": "sha512-4llgWO3RgLyVbEqUdGsDfzUDqklRlQW5VEhE3x35IvhV+w//VPRG34SBavK3D2mD/UaLKaohgU41V4agiftC8g==",
      "requires": {
        "babel-runtime": "6.x",
        "hammerjs": "^2.0.8",
        "prop-types": "^15.5.9"
      }
    },
    "rc-input-number": {
      "version": "4.6.2",
      "resolved": "https://registry.npmjs.org/rc-input-number/-/rc-input-number-4.6.2.tgz",
      "integrity": "sha512-780tUBUNCbQ4l/vKSXxMCiRKNBT6ApKXCDQG20GnT+v1lL4gq4GkdfoTGz6lb0uyY40rk7V09RtIXt7VIHrGRw==",
      "requires": {
        "babel-runtime": "6.x",
        "classnames": "^2.2.0",
        "rc-util": "^4.5.1"
      }
    },
    "rc-mentions": {
      "version": "1.1.0",
      "resolved": "https://registry.npmjs.org/rc-mentions/-/rc-mentions-1.1.0.tgz",
      "integrity": "sha512-uOVMiQ5Jxfo3mbpOZsZt20Alid0268lX9eBR2I/chly0qhNbmSB71iLOHGkbL7zuHd50GF/eSr9fXJJQKUYG1Q==",
      "requires": {
        "classnames": "^2.2.6",
        "rc-menu": "^8.0.1",
        "rc-trigger": "^4.0.0",
        "rc-util": "^4.6.0"
      }
    },
    "rc-menu": {
      "version": "8.1.0",
      "resolved": "https://registry.npmjs.org/rc-menu/-/rc-menu-8.1.0.tgz",
      "integrity": "sha512-dTVlwf1klEeIr+74Bk0Uovbw3oidXlHBLfA0YhDIgKcXeDIfk18a66200GMWYAFajJPTGaRaqnyVVRCslOHuDg==",
      "requires": {
        "classnames": "2.x",
        "mini-store": "^3.0.1",
        "rc-animate": "^3.0.0",
        "rc-trigger": "^4.0.0",
        "rc-util": "^4.13.0",
        "resize-observer-polyfill": "^1.5.0",
        "scroll-into-view-if-needed": "^2.2.20",
        "shallowequal": "^1.1.0"
      }
    },
    "rc-notification": {
      "version": "4.3.2",
      "resolved": "https://registry.npmjs.org/rc-notification/-/rc-notification-4.3.2.tgz",
      "integrity": "sha512-xsxvpBL7HfYAELQvvauy+5dpQ4dugQRJSD1GtB2zWtGXYCfxTMW/93OX35ll05H9kzULLZ8PlXD+/i9fJcurIg==",
      "requires": {
        "classnames": "2.x",
        "rc-animate": "3.x",
        "rc-util": "^4.0.4"
      }
    },
    "rc-pagination": {
      "version": "2.2.2",
      "resolved": "https://registry.npmjs.org/rc-pagination/-/rc-pagination-2.2.2.tgz",
      "integrity": "sha512-7QVY4xcoLcB9jHDxOm/zY1b6wEP8/jEVpcOFUQk2bbKUtrt8cRNB+FIrDUvuVeiIEFYcMXFPgKoHHMrUaIuSGA==",
      "requires": {
        "classnames": "^2.2.1"
      }
    },
    "rc-picker": {
      "version": "1.4.16",
      "resolved": "https://registry.npmjs.org/rc-picker/-/rc-picker-1.4.16.tgz",
      "integrity": "sha512-aGMwyVX2Tt5Dv8xjpICoqn0nZW7PtTBfGwxevznCB/8doRrhs0jtU/zhSm3806hqJ8viR65v+fmwtXHi3HMc5w==",
      "requires": {
        "classnames": "^2.2.1",
        "moment": "^2.24.0",
        "rc-trigger": "^4.0.0",
        "rc-util": "^4.17.0",
        "shallowequal": "^1.1.0"
      }
    },
    "rc-progress": {
      "version": "3.0.0",
      "resolved": "https://registry.npmjs.org/rc-progress/-/rc-progress-3.0.0.tgz",
      "integrity": "sha512-dQv1KU3o6Vay604FMYMF4S0x4GNXAgXf1tbQ1QoxeIeQt4d5fUeB7Ri82YPu+G+aRvH/AtxYAlEcnxyVZ1/4Hw==",
      "requires": {
        "classnames": "^2.2.6"
      }
    },
    "rc-rate": {
      "version": "2.6.0",
      "resolved": "https://registry.npmjs.org/rc-rate/-/rc-rate-2.6.0.tgz",
      "integrity": "sha512-g6gXZDQfd+kLK7AmoPPWjZ5nlM6ckwQy4RU1xcaFL8AEDx10qbC6Vi6oEhruBbYiPlbAacYcsMA5EbFXhD5x8A==",
      "requires": {
        "classnames": "^2.2.5",
        "rc-util": "^4.20.1"
      }
    },
    "rc-resize-observer": {
      "version": "0.2.1",
      "resolved": "https://registry.npmjs.org/rc-resize-observer/-/rc-resize-observer-0.2.1.tgz",
      "integrity": "sha512-GENTRkL3lq05ilrjTxPpHUPrKTC9D7XqUGesSXgi/GyO4j/jKIjLPn7zuZOcJ5QmN5QGRe24IaVWPZHQPE6vLw==",
      "requires": {
        "classnames": "^2.2.1",
        "rc-util": "^4.14.0",
        "resize-observer-polyfill": "^1.5.1"
      }
    },
    "rc-select": {
      "version": "10.3.2",
      "resolved": "https://registry.npmjs.org/rc-select/-/rc-select-10.3.2.tgz",
      "integrity": "sha512-RKg5OwwclJbYwru7SDC5JeBIX3Nnhis9JwJaSZES3bw3tel6fzlHqTDeyY75bst7c0mF6TqcDvU6TC1Lphu/8A==",
      "requires": {
        "classnames": "2.x",
        "rc-animate": "^3.0.0",
        "rc-trigger": "^4.0.0",
        "rc-util": "^4.20.0",
        "rc-virtual-list": "^1.1.2",
        "warning": "^4.0.3"
      }
    },
    "rc-slider": {
      "version": "9.2.4",
      "resolved": "https://registry.npmjs.org/rc-slider/-/rc-slider-9.2.4.tgz",
      "integrity": "sha512-wSr7vz+WtzzGqsGU2rTQ4mmLz9fkuIDMPYMYm8ygYFvxQ2Rh4uRhOWHYI0R8krNK5k1bGycckYxmQqUIvLAh3w==",
      "requires": {
        "babel-runtime": "6.x",
        "classnames": "^2.2.5",
        "rc-tooltip": "^4.0.0",
        "rc-util": "^4.0.4",
        "shallowequal": "^1.1.0",
        "warning": "^4.0.3"
      }
    },
    "rc-steps": {
      "version": "3.6.0",
      "resolved": "https://registry.npmjs.org/rc-steps/-/rc-steps-3.6.0.tgz",
      "integrity": "sha512-UH0ggF5UB4QBoAXeJH6JUSnPVg3H9z3o3nyf6yZ5QYXcsFn4tIJyjtnE9h+yhQIBQDVzwNY1r5yhW2PYrzO1tw==",
      "requires": {
        "classnames": "^2.2.3",
        "lodash": "^4.17.5"
      }
    },
    "rc-switch": {
      "version": "3.0.2",
      "resolved": "https://registry.npmjs.org/rc-switch/-/rc-switch-3.0.2.tgz",
      "integrity": "sha512-offV1kw3mnW0+UMLtw+R77wJexf1Kgjhc9e1qv29DjwAxSORde6fJlqBRnPxFzZhzpHJrBVSrxgl1enDpnGNbw==",
      "requires": {
        "classnames": "^2.2.1"
      }
    },
    "rc-table": {
      "version": "7.5.10",
      "resolved": "https://registry.npmjs.org/rc-table/-/rc-table-7.5.10.tgz",
      "integrity": "sha512-COLoU+Vzd8Qwod8BPpry8MVtvLUo0uDdjK2T2kjF1/w5mlVDTgtVB38ckfYf4JdEqBrzj9P6bSjvohtlZ1IQuQ==",
      "requires": {
        "classnames": "^2.2.5",
        "raf": "^3.4.1",
        "rc-resize-observer": "^0.2.0",
        "rc-util": "^4.20.1",
        "shallowequal": "^1.1.0"
      }
    },
    "rc-tabs": {
      "version": "10.1.1",
      "resolved": "https://registry.npmjs.org/rc-tabs/-/rc-tabs-10.1.1.tgz",
      "integrity": "sha512-dOFeaYil3d6zV3ZtGZWfRf7zwyqUQ48cl67/Y/03SsBWEdYgfZzlgjfHqmUT+V7L7CvhQ5lIQyYpj4EthkgKCg==",
      "requires": {
        "classnames": "2.x",
        "lodash": "^4.17.5",
        "rc-hammerjs": "~0.6.0",
        "resize-observer-polyfill": "^1.5.1",
        "warning": "^4.0.3"
      }
    },
    "rc-tooltip": {
      "version": "4.0.3",
      "resolved": "https://registry.npmjs.org/rc-tooltip/-/rc-tooltip-4.0.3.tgz",
      "integrity": "sha512-HNyBh9/fPdds0DXja8JQX0XTIHmZapB3lLzbdn74aNSxXG1KUkt+GK4X1aOTRY5X9mqm4uUKdeFrn7j273H8gw==",
      "requires": {
        "rc-trigger": "^4.0.0"
      }
    },
    "rc-tree": {
      "version": "3.2.2",
      "resolved": "https://registry.npmjs.org/rc-tree/-/rc-tree-3.2.2.tgz",
      "integrity": "sha512-eF4vJJpMnTmPufxplZ2xg+P3ogfFoUfZkZXV2qasC6JSTf+13jB7pA1xXjCwJ86V+7PqEGUsE/mljLusng0XEA==",
      "requires": {
        "classnames": "2.x",
        "rc-animate": "^3.0.0",
        "rc-util": "^4.11.0",
        "rc-virtual-list": "^1.1.0"
      }
    },
    "rc-tree-select": {
      "version": "3.1.3",
      "resolved": "https://registry.npmjs.org/rc-tree-select/-/rc-tree-select-3.1.3.tgz",
      "integrity": "sha512-VQDr+qLCCJ9V/4ewnp3crMT2N7iJV58V0uWVA3nGJxVuxhSj8TPHFZLnyMh6vaNrQsrY6eBp/x1y6nEJBjnVQg==",
      "requires": {
        "classnames": "2.x",
        "rc-select": "^10.1.0",
        "rc-tree": "^3.1.0",
        "rc-util": "^4.17.0"
      }
    },
    "rc-trigger": {
      "version": "4.1.0",
      "resolved": "https://registry.npmjs.org/rc-trigger/-/rc-trigger-4.1.0.tgz",
      "integrity": "sha512-EyQjO6aHDAPRvJeyPmg/yVL/8Bp7oA6Lf+4Ay2OyOwhZLzHHN8m+F2XrVWKpjg04eBXbuGBNiucIqv1d/ddE3w==",
      "requires": {
        "classnames": "^2.2.6",
        "raf": "^3.4.1",
        "rc-align": "^3.0.0-rc.0",
        "rc-animate": "^3.0.0",
        "rc-util": "^4.20.0"
      }
    },
    "rc-upload": {
      "version": "3.0.4",
      "resolved": "https://registry.npmjs.org/rc-upload/-/rc-upload-3.0.4.tgz",
      "integrity": "sha512-dTCvj1iHxjHG0qo5UyN2ZmtueG9GG3xrOhOwnjsehaoOvl0TOjLbHkUIPPqLZk+wHb57Ue4KB7c3+IMgkDoBvw==",
      "requires": {
        "babel-runtime": "6.x",
        "classnames": "^2.2.5"
      }
    },
    "rc-util": {
      "version": "4.20.5",
      "resolved": "https://registry.npmjs.org/rc-util/-/rc-util-4.20.5.tgz",
      "integrity": "sha512-f67s4Dt1quBYhrVPq5QMKmK3eS2hN1NNIAyhaiG0HmvqiGYAXMQ7SP2AlGqv750vnzhJs38JklbkWT1/wjhFPg==",
      "requires": {
        "add-dom-event-listener": "^1.1.0",
        "prop-types": "^15.5.10",
        "react-is": "^16.12.0",
        "react-lifecycles-compat": "^3.0.4",
        "shallowequal": "^1.1.0"
      }
    },
    "rc-virtual-list": {
      "version": "1.1.3",
      "resolved": "https://registry.npmjs.org/rc-virtual-list/-/rc-virtual-list-1.1.3.tgz",
      "integrity": "sha512-2D7GPdvta05NQZ5fHSK3BFst28G0wFgvNX/xAhGXVC8YOheZPFAn5Yqpe7jXFepBb7Y+1cwOx12LYAL8VkULBw==",
      "requires": {
        "classnames": "^2.2.6",
        "raf": "^3.4.1",
        "rc-util": "^4.8.0"
      }
    },
    "react-is": {
      "version": "16.13.1",
      "resolved": "https://registry.npmjs.org/react-is/-/react-is-16.13.1.tgz",
      "integrity": "sha512-24e6ynE2H+OKt4kqsOvNd8kBpV65zoxbA4BVsEOB3ARVWQki/DHzaUoC5KuON/BiccDaCCTZBuOcfZs70kR8bQ=="
    },
    "react-lifecycles-compat": {
      "version": "3.0.4",
      "resolved": "https://registry.npmjs.org/react-lifecycles-compat/-/react-lifecycles-compat-3.0.4.tgz",
      "integrity": "sha512-fBASbA6LnOU9dOU2eW7aQ8xmYBSXUIWr+UmF9b1efZBazGNO+rcXT/icdKnYm2pTwcRylVUYwW7H1PHfLekVzA=="
    },
    "regenerator-runtime": {
      "version": "0.11.1",
      "resolved": "https://registry.npmjs.org/regenerator-runtime/-/regenerator-runtime-0.11.1.tgz",
      "integrity": "sha512-MguG95oij0fC3QV3URf4V2SDYGJhJnJGqvIIgdECeODCT98wSWDAJ94SSuVpYQUoTcGUIL6L4yNB7j1DFFHSBg=="
    },
    "resize-observer-polyfill": {
      "version": "1.5.1",
      "resolved": "https://registry.npmjs.org/resize-observer-polyfill/-/resize-observer-polyfill-1.5.1.tgz",
      "integrity": "sha512-LwZrotdHOo12nQuZlHEmtuXdqGoOD0OhaxopaNFxWzInpEgaLWoVuAMbTzixuosCx2nEG58ngzW3vxdWoxIgdg=="
    },
    "scroll-into-view-if-needed": {
      "version": "2.2.24",
      "resolved": "https://registry.npmjs.org/scroll-into-view-if-needed/-/scroll-into-view-if-needed-2.2.24.tgz",
      "integrity": "sha512-vsC6SzyIZUyJG8o4nbUDCiIwsPdH6W/FVmjT2avR2hp/yzS53JjGmg/bKD20TkoNajbu5dAQN4xR7yes4qhwtQ==",
      "requires": {
        "compute-scroll-into-view": "^1.0.13"
      }
    },
    "shallowequal": {
      "version": "1.1.0",
      "resolved": "https://registry.npmjs.org/shallowequal/-/shallowequal-1.1.0.tgz",
      "integrity": "sha512-y0m1JoUZSlPAjXVtPPW70aZWfIL/dSP7AFkRnniLCrK/8MDKog3TySTBmckD+RObVxH0v4Tox67+F14PdED2oQ=="
    },
    "string-convert": {
      "version": "0.2.1",
      "resolved": "https://registry.npmjs.org/string-convert/-/string-convert-0.2.1.tgz",
      "integrity": "sha1-aYLMMEn7tM2F+LJFaLnZvznu/5c="
    },
    "tinycolor2": {
      "version": "1.4.1",
      "resolved": "https://registry.npmjs.org/tinycolor2/-/tinycolor2-1.4.1.tgz",
      "integrity": "sha1-9PrTM0R7wLB9TcjpIJ2POaisd+g="
    },
    "toggle-selection": {
      "version": "1.0.6",
      "resolved": "https://registry.npmjs.org/toggle-selection/-/toggle-selection-1.0.6.tgz",
      "integrity": "sha1-bkWxJj8gF/oKzH2J14sVuL932jI="
    },
    "warning": {
      "version": "4.0.3",
      "resolved": "https://registry.npmjs.org/warning/-/warning-4.0.3.tgz",
      "integrity": "sha512-rpJyN222KWIvHJ/F53XSZv0Zl/accqHR8et1kpaMTD/fLCRxtV8iX8czMzY7sVZupTI3zcUTg8eycS2kNF9l6w==",
      "requires": {
        "loose-envify": "^1.0.0"
      }
    }
  }
}
