{
	"name": "@librarium/api",
	"version": "0.0.0",
	"lockfileVersion": 2,
	"requires": true,
	"packages": {
		"": {
			"name": "@librarium/api",
			"version": "0.0.0",
			"license": "MIT",
			"dependencies": {
				"prism-react-renderer": "^1.1.1"
			}
		},
		"node_modules/prism-react-renderer": {
			"version": "1.1.1",
			"resolved": "https://registry.npmjs.org/prism-react-renderer/-/prism-react-renderer-1.1.1.tgz",
			"integrity": "sha512-MgMhSdHuHymNRqD6KM3eGS0PNqgK9q4QF5P0yoQQvpB6jNjeSAi3jcSAz0Sua/t9fa4xDOMar9HJbLa08gl9ug==",
			"peerDependencies": {
				"react": ">=0.14.9"
			}
		}
	},
	"dependencies": {
		"prism-react-renderer": {
			"version": "1.1.1",
			"resolved": "https://registry.npmjs.org/prism-react-renderer/-/prism-react-renderer-1.1.1.tgz",
			"integrity": "sha512-MgMhSdHuHymNRqD6KM3eGS0PNqgK9q4QF5P0yoQQvpB6jNjeSAi3jcSAz0Sua/t9fa4xDOMar9HJbLa08gl9ug==",
			"requires": {}
		}
	}
}
